
Microsoft Visual Studio Solution File, Format Version 10.00
# Visual C++ Express 2008
Project("{8BC9CEB8-8B4A-11D0-8D11-00A0C91BC942}") = "odbc", "odbc\odbc.vcproj", "{B130A03B-B321-4C05-9BA2-42861DB76890}"
EndProject
Project("{8BC9CEB8-8B4A-11D0-8D11-00A0C91BC942}") = "test_odbc", "test_odbc\test_odbc.vcproj", "{7C86D04C-8668-4EE1-9BD5-3E5817B737E7}"
	ProjectSection(ProjectDependencies) = postProject
		{B130A03B-B321-4C05-9BA2-42861DB76890} = {B130A03B-B321-4C05-9BA2-42861DB76890}
		{E44E54A8-E591-474D-B60F-AA05FFEEE056} = {E44E54A8-E591-474D-B60F-AA05FFEEE056}
		{EDD90CDA-AB8D-4B4B-A1F3-03C9F30B59E2} = {EDD90CDA-AB8D-4B4B-A1F3-03C9F30B59E2}
	EndProjectSection
EndProject
Project("{8BC9CEB8-8B4A-11D0-8D11-00A0C91BC942}") = "test_rdb", "test_rdb\test_rdb.vcproj", "{EDD90CDA-AB8D-4B4B-A1F3-03C9F30B59E2}"
	ProjectSection(ProjectDependencies) = postProject
		{E44E54A8-E591-474D-B60F-AA05FFEEE056} = {E44E54A8-E591-474D-B60F-AA05FFEEE056}
	EndProjectSection
EndProject
Project("{8BC9CEB8-8B4A-11D0-8D11-00A0C91BC942}") = "rdb", "rdb\rdb.vcproj", "{E44E54A8-E591-474D-B60F-AA05FFEEE056}"
EndProject
Project("{8BC9CEB8-8B4A-11D0-8D11-00A0C91BC942}") = "tutorial", "tutorial\tutorial.vcproj", "{26823D64-C19A-439F-8EEE-658AFED668D7}"
	ProjectSection(ProjectDependencies) = postProject
		{B130A03B-B321-4C05-9BA2-42861DB76890} = {B130A03B-B321-4C05-9BA2-42861DB76890}
		{E44E54A8-E591-474D-B60F-AA05FFEEE056} = {E44E54A8-E591-474D-B60F-AA05FFEEE056}
	EndProjectSection
EndProject
Project("{8BC9CEB8-8B4A-11D0-8D11-00A0C91BC942}") = "examples", "examples\examples.vcproj", "{AFCDB08B-7562-4256-9D00-C809DEFCA49E}"
	ProjectSection(ProjectDependencies) = postProject
		{E44E54A8-E591-474D-B60F-AA05FFEEE056} = {E44E54A8-E591-474D-B60F-AA05FFEEE056}
	EndProjectSection
EndProject
Global
	GlobalSection(SolutionConfigurationPlatforms) = preSolution
		Debug|Win32 = Debug|Win32
		Fast Compilation|Win32 = Fast Compilation|Win32
		Release|Win32 = Release|Win32
	EndGlobalSection
	GlobalSection(ProjectConfigurationPlatforms) = postSolution
		{B130A03B-B321-4C05-9BA2-42861DB76890}.Debug|Win32.ActiveCfg = Debug|Win32
		{B130A03B-B321-4C05-9BA2-42861DB76890}.Debug|Win32.Build.0 = Debug|Win32
		{B130A03B-B321-4C05-9BA2-42861DB76890}.Fast Compilation|Win32.ActiveCfg = Fast Compilation|Win32
		{B130A03B-B321-4C05-9BA2-42861DB76890}.Fast Compilation|Win32.Build.0 = Fast Compilation|Win32
		{B130A03B-B321-4C05-9BA2-42861DB76890}.Release|Win32.ActiveCfg = Release|Win32
		{B130A03B-B321-4C05-9BA2-42861DB76890}.Release|Win32.Build.0 = Release|Win32
		{7C86D04C-8668-4EE1-9BD5-3E5817B737E7}.Debug|Win32.ActiveCfg = Debug|Win32
		{7C86D04C-8668-4EE1-9BD5-3E5817B737E7}.Debug|Win32.Build.0 = Debug|Win32
		{7C86D04C-8668-4EE1-9BD5-3E5817B737E7}.Fast Compilation|Win32.ActiveCfg = Fast Compilation|Win32
		{7C86D04C-8668-4EE1-9BD5-3E5817B737E7}.Fast Compilation|Win32.Build.0 = Fast Compilation|Win32
		{7C86D04C-8668-4EE1-9BD5-3E5817B737E7}.Release|Win32.ActiveCfg = Release|Win32
		{7C86D04C-8668-4EE1-9BD5-3E5817B737E7}.Release|Win32.Build.0 = Release|Win32
		{EDD90CDA-AB8D-4B4B-A1F3-03C9F30B59E2}.Debug|Win32.ActiveCfg = Debug|Win32
		{EDD90CDA-AB8D-4B4B-A1F3-03C9F30B59E2}.Debug|Win32.Build.0 = Debug|Win32
		{EDD90CDA-AB8D-4B4B-A1F3-03C9F30B59E2}.Fast Compilation|Win32.ActiveCfg = Fast Compilation|Win32
		{EDD90CDA-AB8D-4B4B-A1F3-03C9F30B59E2}.Fast Compilation|Win32.Build.0 = Fast Compilation|Win32
		{EDD90CDA-AB8D-4B4B-A1F3-03C9F30B59E2}.Release|Win32.ActiveCfg = Release|Win32
		{EDD90CDA-AB8D-4B4B-A1F3-03C9F30B59E2}.Release|Win32.Build.0 = Release|Win32
		{E44E54A8-E591-474D-B60F-AA05FFEEE056}.Debug|Win32.ActiveCfg = Debug|Win32
		{E44E54A8-E591-474D-B60F-AA05FFEEE056}.Debug|Win32.Build.0 = Debug|Win32
		{E44E54A8-E591-474D-B60F-AA05FFEEE056}.Fast Compilation|Win32.ActiveCfg = Fast Compilation|Win32
		{E44E54A8-E591-474D-B60F-AA05FFEEE056}.Fast Compilation|Win32.Build.0 = Fast Compilation|Win32
		{E44E54A8-E591-474D-B60F-AA05FFEEE056}.Release|Win32.ActiveCfg = Release|Win32
		{E44E54A8-E591-474D-B60F-AA05FFEEE056}.Release|Win32.Build.0 = Release|Win32
		{26823D64-C19A-439F-8EEE-658AFED668D7}.Debug|Win32.ActiveCfg = Debug|Win32
		{26823D64-C19A-439F-8EEE-658AFED668D7}.Debug|Win32.Build.0 = Debug|Win32
		{26823D64-C19A-439F-8EEE-658AFED668D7}.Fast Compilation|Win32.ActiveCfg = Fast Compilation|Win32
		{26823D64-C19A-439F-8EEE-658AFED668D7}.Release|Win32.ActiveCfg = Release|Win32
		{26823D64-C19A-439F-8EEE-658AFED668D7}.Release|Win32.Build.0 = Release|Win32
		{AFCDB08B-7562-4256-9D00-C809DEFCA49E}.Debug|Win32.ActiveCfg = Debug|Win32
		{AFCDB08B-7562-4256-9D00-C809DEFCA49E}.Debug|Win32.Build.0 = Debug|Win32
		{AFCDB08B-7562-4256-9D00-C809DEFCA49E}.Fast Compilation|Win32.ActiveCfg = Fast Compilation|Win32
		{AFCDB08B-7562-4256-9D00-C809DEFCA49E}.Release|Win32.ActiveCfg = Release|Win32
		{AFCDB08B-7562-4256-9D00-C809DEFCA49E}.Release|Win32.Build.0 = Release|Win32
	EndGlobalSection
	GlobalSection(SolutionProperties) = preSolution
		HideSolutionNode = FALSE
	EndGlobalSection
EndGlobal
